// !$*UTF8*$!
{
	archiveVersion = 1;
	classes = {
	};
	objectVersion = 77;
	objects = {

/* Begin PBXBuildFile section */
		11B6CD532CEF9C9800B6FFFF /* Auth in Frameworks */ = {isa = PBXBuildFile; productRef = 11B6CD522CEF9C9800B6FFFF /* Auth */; };
		11B6CD552CEF9C9800B6FFFF /* Functions in Frameworks */ = {isa = PBXBuildFile; productRef = 11B6CD542CEF9C9800B6FFFF /* Functions */; };
		11B6CD572CEF9C9800B6FFFF /* PostgREST in Frameworks */ = {isa = PBXBuildFile; productRef = 11B6CD562CEF9C9800B6FFFF /* PostgREST */; };
		11B6CD592CEF9C9800B6FFFF /* Realtime in Frameworks */ = {isa = PBXBuildFile; productRef = 11B6CD582CEF9C9800B6FFFF /* Realtime */; };
		11B6CD5B2CEF9C9800B6FFFF /* Storage in Frameworks */ = {isa = PBXBuildFile; productRef = 11B6CD5A2CEF9C9800B6FFFF /* Storage */; };
		11B6CD5E2CEF9CB200B6FFFF /* Supabase in Frameworks */ = {isa = PBXBuildFile; productRef = 11B6CD5D2CEF9CB200B6FFFF /* Supabase */; };
/* End PBXBuildFile section */

/* Begin PBXFileReference section */
		11D52AEB2CAEC39E002DF30E /* TimeBlocker.app */ = {isa = PBXFileReference; explicitFileType = wrapper.application; includeInIndex = 0; path = TimeBlocker.app; sourceTree = BUILT_PRODUCTS_DIR; };
/* End PBXFileReference section */

/* Begin PBXFileSystemSynchronizedBuildFileExceptionSet section */
		11B6CD4A2CEF95D600B6FFFF /* Exceptions for "TimeBlocker" folder in "TimeBlocker" target */ = {
			isa = PBXFileSystemSynchronizedBuildFileExceptionSet;
			membershipExceptions = (
				Info.plist,
			);
			target = 11D52AEA2CAEC39E002DF30E /* TimeBlocker */;
		};
/* End PBXFileSystemSynchronizedBuildFileExceptionSet section */

/* Begin PBXFileSystemSynchronizedRootGroup section */
		11D52AED2CAEC39E002DF30E /* TimeBlocker */ = {
			isa = PBXFileSystemSynchronizedRootGroup;
			exceptions = (
				11B6CD4A2CEF95D600B6FFFF /* Exceptions for "TimeBlocker" folder in "TimeBlocker" target */,
			);
			path = TimeBlocker;
			sourceTree = "<group>";
		};
/* End PBXFileSystemSynchronizedRootGroup section */

/* Begin PBXFrameworksBuildPhase section */
		11D52AE82CAEC39E002DF30E /* Frameworks */ = {
			isa = PBXFrameworksBuildPhase;
			buildActionMask = 2147483647;
			files = (
				11B6CD572CEF9C9800B6FFFF /* PostgREST in Frameworks */,
				11B6CD552CEF9C9800B6FFFF /* Functions in Frameworks */,
				11B6CD5E2CEF9CB200B6FFFF /* Supabase in Frameworks */,
				11B6CD532CEF9C9800B6FFFF /* Auth in Frameworks */,
				11B6CD5B2CEF9C9800B6FFFF /* Storage in Frameworks */,
				11B6CD592CEF9C9800B6FFFF /* Realtime in Frameworks */,
			);
			runOnlyForDeploymentPostprocessing = 0;
		};
/* End PBXFrameworksBuildPhase section */

/* Begin PBXGroup section */
		11B6CD5C2CEF9CB100B6FFFF /* Frameworks */ = {
			isa = PBXGroup;
			children = (
			);
			name = Frameworks;
			sourceTree = "<group>";
		};
		11D52AE22CAEC39E002DF30E = {
			isa = PBXGroup;
			children = (
				11D52AED2CAEC39E002DF30E /* TimeBlocker */,
				11B6CD5C2CEF9CB100B6FFFF /* Frameworks */,
				11D52AEC2CAEC39E002DF30E /* Products */,
			);
			sourceTree = "<group>";
		};
		11D52AEC2CAEC39E002DF30E /* Products */ = {
			isa = PBXGroup;
			children = (
				11D52AEB2CAEC39E002DF30E /* TimeBlocker.app */,
			);
			name = Products;
			sourceTree = "<group>";
		};
/* End PBXGroup section */

/* Begin PBXNativeTarget section */
		11D52AEA2CAEC39E002DF30E /* TimeBlocker */ = {
			isa = PBXNativeTarget;
			buildConfigurationList = 11D52AF92CAEC3A9002DF30E /* Build configuration list for PBXNativeTarget "TimeBlocker" */;
			buildPhases = (
				11D52AE72CAEC39E002DF30E /* Sources */,
				11D52AE82CAEC39E002DF30E /* Frameworks */,
				11D52AE92CAEC39E002DF30E /* Resources */,
			);
			buildRules = (
			);
			dependencies = (
			);
			fileSystemSynchronizedGroups = (
				11D52AED2CAEC39E002DF30E /* TimeBlocker */,
			);
			name = TimeBlocker;
			packageProductDependencies = (
				11B6CD522CEF9C9800B6FFFF /* Auth */,
				11B6CD542CEF9C9800B6FFFF /* Functions */,
				11B6CD562CEF9C9800B6FFFF /* PostgREST */,
				11B6CD582CEF9C9800B6FFFF /* Realtime */,
				11B6CD5A2CEF9C9800B6FFFF /* Storage */,
				11B6CD5D2CEF9CB200B6FFFF /* Supabase */,
			);
			productName = TimeBlocker;
			productReference = 11D52AEB2CAEC39E002DF30E /* TimeBlocker.app */;
			productType = "com.apple.product-type.application";
		};
/* End PBXNativeTarget section */

/* Begin PBXProject section */
		11D52AE32CAEC39E002DF30E /* Project object */ = {
			isa = PBXProject;
			attributes = {
				BuildIndependentTargetsInParallel = 1;
				LastSwiftUpdateCheck = 1600;
				LastUpgradeCheck = 1600;
				TargetAttributes = {
					11D52AEA2CAEC39E002DF30E = {
						CreatedOnToolsVersion = 16.0;
					};
				};
			};
			buildConfigurationList = 11D52AE62CAEC39E002DF30E /* Build configuration list for PBXProject "TimeBlocker" */;
			developmentRegion = en;
			hasScannedForEncodings = 0;
			knownRegions = (
				en,
				Base,
			);
			mainGroup = 11D52AE22CAEC39E002DF30E;
			minimizedProjectReferenceProxies = 1;
			packageReferences = (
				11B6CD512CEF9C9800B6FFFF /* XCRemoteSwiftPackageReference "supabase-swift" */,
			);
			preferredProjectObjectVersion = 77;
			productRefGroup = 11D52AEC2CAEC39E002DF30E /* Products */;
			projectDirPath = "";
			projectRoot = "";
			targets = (
				11D52AEA2CAEC39E002DF30E /* TimeBlocker */,
			);
		};
/* End PBXProject section */

/* Begin PBXResourcesBuildPhase section */
		11D52AE92CAEC39E002DF30E /* Resources */ = {
			isa = PBXResourcesBuildPhase;
			buildActionMask = 2147483647;
			files = (
			);
			runOnlyForDeploymentPostprocessing = 0;
		};
/* End PBXResourcesBuildPhase section */

/* Begin PBXSourcesBuildPhase section */
		11D52AE72CAEC39E002DF30E /* Sources */ = {
			isa = PBXSourcesBuildPhase;
			buildActionMask = 2147483647;
			files = (
			);
			runOnlyForDeploymentPostprocessing = 0;
		};
/* End PBXSourcesBuildPhase section */

/* Begin XCBuildConfiguration section */
		11D52AF72CAEC3A9002DF30E /* Debug */ = {
			isa = XCBuildConfiguration;
			baseConfigurationReferenceAnchor = 11D52AED2CAEC39E002DF30E /* TimeBlocker */;
			baseConfigurationReferenceRelativePath = Config/Config.xcconfig;
			buildSettings = {
				ALWAYS_SEARCH_USER_PATHS = NO;
				ASSETCATALOG_COMPILER_GENERATE_SWIFT_ASSET_SYMBOL_EXTENSIONS = YES;
				CLANG_ANALYZER_NONNULL = YES;
				CLANG_ANALYZER_NUMBER_OBJECT_CONVERSION = YES_AGGRESSIVE;
				CLANG_CXX_LANGUAGE_STANDARD = "gnu++20";
				CLANG_ENABLE_MODULES = YES;
				CLANG_ENABLE_OBJC_ARC = YES;
				CLANG_ENABLE_OBJC_WEAK = YES;
				CLANG_WARN_BLOCK_CAPTURE_AUTORELEASING = YES;
				CLANG_WARN_BOOL_CONVERSION = YES;
				CLANG_WARN_COMMA = YES;
				CLANG_WARN_CONSTANT_CONVERSION = YES;
				CLANG_WARN_DEPRECATED_OBJC_IMPLEMENTATIONS = YES;
				CLANG_WARN_DIRECT_OBJC_ISA_USAGE = YES_ERROR;
				CLANG_WARN_DOCUMENTATION_COMMENTS = YES;
				CLANG_WARN_EMPTY_BODY = YES;
				CLANG_WARN_ENUM_CONVERSION = YES;
				CLANG_WARN_INFINITE_RECURSION = YES;
				CLANG_WARN_INT_CONVERSION = YES;
				CLANG_WARN_NON_LITERAL_NULL_CONVERSION = YES;
				CLANG_WARN_OBJC_IMPLICIT_RETAIN_SELF = YES;
				CLANG_WARN_OBJC_LITERAL_CONVERSION = YES;
				CLANG_WARN_OBJC_ROOT_CLASS = YES_ERROR;
				CLANG_WARN_QUOTED_INCLUDE_IN_FRAMEWORK_HEADER = YES;
				CLANG_WARN_RANGE_LOOP_ANALYSIS = YES;
				CLANG_WARN_STRICT_PROTOTYPES = YES;
				CLANG_WARN_SUSPICIOUS_MOVE = YES;
				CLANG_WARN_UNGUARDED_AVAILABILITY = YES_AGGRESSIVE;
				CLANG_WARN_UNREACHABLE_CODE = YES;
				CLANG_WARN__DUPLICATE_METHOD_MATCH = YES;
				COPY_PHASE_STRIP = NO;
				DEBUG_INFORMATION_FORMAT = dwarf;
				ENABLE_STRICT_OBJC_MSGSEND = YES;
				ENABLE_TESTABILITY = YES;
				ENABLE_USER_SCRIPT_SANDBOXING = YES;
				GCC_C_LANGUAGE_STANDARD = gnu17;
				GCC_DYNAMIC_NO_PIC = NO;
				GCC_NO_COMMON_BLOCKS = YES;
				GCC_OPTIMIZATION_LEVEL = 0;
				GCC_PREPROCESSOR_DEFINITIONS = (
					"DEBUG=1",
					"$(inherited)",
				);
				GCC_WARN_64_TO_32_BIT_CONVERSION = YES;
				GCC_WARN_ABOUT_RETURN_TYPE = YES_ERROR;
				GCC_WARN_UNDECLARED_SELECTOR = YES;
				GCC_WARN_UNINITIALIZED_AUTOS = YES_AGGRESSIVE;
				GCC_WARN_UNUSED_FUNCTION = YES;
				GCC_WARN_UNUSED_VARIABLE = YES;
				IPHONEOS_DEPLOYMENT_TARGET = 18.0;
				LOCALIZATION_PREFERS_STRING_CATALOGS = YES;
				MTL_ENABLE_DEBUG_INFO = INCLUDE_SOURCE;
				MTL_FAST_MATH = YES;
				ONLY_ACTIVE_ARCH = YES;
				SDKROOT = iphoneos;
				SWIFT_ACTIVE_COMPILATION_CONDITIONS = "DEBUG $(inherited)";
				SWIFT_OPTIMIZATION_LEVEL = "-Onone";
			};
			name = Debug;
		};
		11D52AF82CAEC3A9002DF30E /* Release */ = {
			isa = XCBuildConfiguration;
			baseConfigurationReferenceAnchor = 11D52AED2CAEC39E002DF30E /* TimeBlocker */;
			baseConfigurationReferenceRelativePath = Config/Config.xcconfig;
			buildSettings = {
				ALWAYS_SEARCH_USER_PATHS = NO;
				ASSETCATALOG_COMPILER_GENERATE_SWIFT_ASSET_SYMBOL_EXTENSIONS = YES;
				CLANG_ANALYZER_NONNULL = YES;
				CLANG_ANALYZER_NUMBER_OBJECT_CONVERSION = YES_AGGRESSIVE;
				CLANG_CXX_LANGUAGE_STANDARD = "gnu++20";
				CLANG_ENABLE_MODULES = YES;
				CLANG_ENABLE_OBJC_ARC = YES;
				CLANG_ENABLE_OBJC_WEAK = YES;
				CLANG_WARN_BLOCK_CAPTURE_AUTORELEASING = YES;
				CLANG_WARN_BOOL_CONVERSION = YES;
				CLANG_WARN_COMMA = YES;
				CLANG_WARN_CONSTANT_CONVERSION = YES;
				CLANG_WARN_DEPRECATED_OBJC_IMPLEMENTATIONS = YES;
				CLANG_WARN_DIRECT_OBJC_ISA_USAGE = YES_ERROR;
				CLANG_WARN_DOCUMENTATION_COMMENTS = YES;
				CLANG_WARN_EMPTY_BODY = YES;
				CLANG_WARN_ENUM_CONVERSION = YES;
				CLANG_WARN_INFINITE_RECURSION = YES;
				CLANG_WARN_INT_CONVERSION = YES;
				CLANG_WARN_NON_LITERAL_NULL_CONVERSION = YES;
				CLANG_WARN_OBJC_IMPLICIT_RETAIN_SELF = YES;
				CLANG_WARN_OBJC_LITERAL_CONVERSION = YES;
				CLANG_WARN_OBJC_ROOT_CLASS = YES_ERROR;
				CLANG_WARN_QUOTED_INCLUDE_IN_FRAMEWORK_HEADER = YES;
				CLANG_WARN_RANGE_LOOP_ANALYSIS = YES;
				CLANG_WARN_STRICT_PROTOTYPES = YES;
				CLANG_WARN_SUSPICIOUS_MOVE = YES;
				CLANG_WARN_UNGUARDED_AVAILABILITY = YES_AGGRESSIVE;
				CLANG_WARN_UNREACHABLE_CODE = YES;
				CLANG_WARN__DUPLICATE_METHOD_MATCH = YES;
				COPY_PHASE_STRIP = NO;
				DEBUG_INFORMATION_FORMAT = "dwarf-with-dsym";
				ENABLE_NS_ASSERTIONS = NO;
				ENABLE_STRICT_OBJC_MSGSEND = YES;
				ENABLE_USER_SCRIPT_SANDBOXING = YES;
				GCC_C_LANGUAGE_STANDARD = gnu17;
				GCC_NO_COMMON_BLOCKS = YES;
				GCC_WARN_64_TO_32_BIT_CONVERSION = YES;
				GCC_WARN_ABOUT_RETURN_TYPE = YES_ERROR;
				GCC_WARN_UNDECLARED_SELECTOR = YES;
				GCC_WARN_UNINITIALIZED_AUTOS = YES_AGGRESSIVE;
				GCC_WARN_UNUSED_FUNCTION = YES;
				GCC_WARN_UNUSED_VARIABLE = YES;
				IPHONEOS_DEPLOYMENT_TARGET = 18.0;
				LOCALIZATION_PREFERS_STRING_CATALOGS = YES;
				MTL_ENABLE_DEBUG_INFO = NO;
				MTL_FAST_MATH = YES;
				SDKROOT = iphoneos;
				SWIFT_COMPILATION_MODE = wholemodule;
				VALIDATE_PRODUCT = YES;
			};
			name = Release;
		};
		11D52AFA2CAEC3A9002DF30E /* Debug */ = {
			isa = XCBuildConfiguration;
			baseConfigurationReferenceAnchor = 11D52AED2CAEC39E002DF30E /* TimeBlocker */;
			baseConfigurationReferenceRelativePath = Config/Config.xcconfig;
			buildSettings = {
				ASSETCATALOG_COMPILER_APPICON_NAME = AppIcon;
				ASSETCATALOG_COMPILER_GLOBAL_ACCENT_COLOR_NAME = AccentColor;
				CODE_SIGN_STYLE = Automatic;
				CURRENT_PROJECT_VERSION = 1;
				DEVELOPMENT_ASSET_PATHS = "\"TimeBlocker/Preview Content\"";
				DEVELOPMENT_TEAM = TX86F6EBCJ;
				ENABLE_PREVIEWS = YES;
				GENERATE_INFOPLIST_FILE = YES;
				INFOPLIST_FILE = TimeBlocker/Info.plist;
				INFOPLIST_KEY_UIApplicationSceneManifest_Generation = YES;
				INFOPLIST_KEY_UIApplicationSupportsIndirectInputEvents = YES;
				INFOPLIST_KEY_UILaunchScreen_Generation = YES;
				INFOPLIST_KEY_UISupportedInterfaceOrientations_iPad = "UIInterfaceOrientationPortrait UIInterfaceOrientationPortraitUpsideDown UIInterfaceOrientationLandscapeLeft UIInterfaceOrientationLandscapeRight";
				INFOPLIST_KEY_UISupportedInterfaceOrientations_iPhone = "UIInterfaceOrientationPortrait UIInterfaceOrientationLandscapeLeft UIInterfaceOrientationLandscapeRight";
				LD_RUNPATH_SEARCH_PATHS = (
					"$(inherited)",
					"@executable_path/Frameworks",
				);
				MARKETING_VERSION = 1.0;
				PRODUCT_BUNDLE_IDENTIFIER = com.ManMadeMillennial.TimeBlocker;
				PRODUCT_NAME = "$(TARGET_NAME)";
				SWIFT_EMIT_LOC_STRINGS = YES;
				SWIFT_VERSION = 5.0;
				TARGETED_DEVICE_FAMILY = "1,2";
			};
			name = Debug;
		};
		11D52AFB2CAEC3A9002DF30E /* Release */ = {
			isa = XCBuildConfiguration;
			baseConfigurationReferenceAnchor = 11D52AED2CAEC39E002DF30E /* TimeBlocker */;
			baseConfigurationReferenceRelativePath = Config/Config.xcconfig;
			buildSettings = {
				ASSETCATALOG_COMPILER_APPICON_NAME = AppIcon;
				ASSETCATALOG_COMPILER_GLOBAL_ACCENT_COLOR_NAME = AccentColor;
				CODE_SIGN_STYLE = Automatic;
				CURRENT_PROJECT_VERSION = 1;
				DEVELOPMENT_ASSET_PATHS = "\"TimeBlocker/Preview Content\"";
				DEVELOPMENT_TEAM = TX86F6EBCJ;
				ENABLE_PREVIEWS = YES;
				GENERATE_INFOPLIST_FILE = YES;
				INFOPLIST_FILE = TimeBlocker/Info.plist;
				INFOPLIST_KEY_UIApplicationSceneManifest_Generation = YES;
				INFOPLIST_KEY_UIApplicationSupportsIndirectInputEvents = YES;
				INFOPLIST_KEY_UILaunchScreen_Generation = YES;
				INFOPLIST_KEY_UISupportedInterfaceOrientations_iPad = "UIInterfaceOrientationPortrait UIInterfaceOrientationPortraitUpsideDown UIInterfaceOrientationLandscapeLeft UIInterfaceOrientationLandscapeRight";
				INFOPLIST_KEY_UISupportedInterfaceOrientations_iPhone = "UIInterfaceOrientationPortrait UIInterfaceOrientationLandscapeLeft UIInterfaceOrientationLandscapeRight";
				LD_RUNPATH_SEARCH_PATHS = (
					"$(inherited)",
					"@executable_path/Frameworks",
				);
				MARKETING_VERSION = 1.0;
				PRODUCT_BUNDLE_IDENTIFIER = com.ManMadeMillennial.TimeBlocker;
				PRODUCT_NAME = "$(TARGET_NAME)";
				SWIFT_EMIT_LOC_STRINGS = YES;
				SWIFT_VERSION = 5.0;
				TARGETED_DEVICE_FAMILY = "1,2";
			};
			name = Release;
		};
/* End XCBuildConfiguration section */

/* Begin XCConfigurationList section */
		11D52AE62CAEC39E002DF30E /* Build configuration list for PBXProject "TimeBlocker" */ = {
			isa = XCConfigurationList;
			buildConfigurations = (
				11D52AF72CAEC3A9002DF30E /* Debug */,
				11D52AF82CAEC3A9002DF30E /* Release */,
			);
			defaultConfigurationIsVisible = 0;
			defaultConfigurationName = Release;
		};
		11D52AF92CAEC3A9002DF30E /* Build configuration list for PBXNativeTarget "TimeBlocker" */ = {
			isa = XCConfigurationList;
			buildConfigurations = (
				11D52AFA2CAEC3A9002DF30E /* Debug */,
				11D52AFB2CAEC3A9002DF30E /* Release */,
			);
			defaultConfigurationIsVisible = 0;
			defaultConfigurationName = Release;
		};
/* End XCConfigurationList section */

/* Begin XCRemoteSwiftPackageReference section */
		11B6CD512CEF9C9800B6FFFF /* XCRemoteSwiftPackageReference "supabase-swift" */ = {
			isa = XCRemoteSwiftPackageReference;
			repositoryURL = "https://github.com/supabase/supabase-swift.git";
			requirement = {
				kind = upToNextMajorVersion;
				minimumVersion = 2.5.1;
			};
		};
/* End XCRemoteSwiftPackageReference section */

/* Begin XCSwiftPackageProductDependency section */
		11B6CD522CEF9C9800B6FFFF /* Auth */ = {
			isa = XCSwiftPackageProductDependency;
			package = 11B6CD512CEF9C9800B6FFFF /* XCRemoteSwiftPackageReference "supabase-swift" */;
			productName = Auth;
		};
		11B6CD542CEF9C9800B6FFFF /* Functions */ = {
			isa = XCSwiftPackageProductDependency;
			package = 11B6CD512CEF9C9800B6FFFF /* XCRemoteSwiftPackageReference "supabase-swift" */;
			productName = Functions;
		};
		11B6CD562CEF9C9800B6FFFF /* PostgREST */ = {
			isa = XCSwiftPackageProductDependency;
			package = 11B6CD512CEF9C9800B6FFFF /* XCRemoteSwiftPackageReference "supabase-swift" */;
			productName = PostgREST;
		};
		11B6CD582CEF9C9800B6FFFF /* Realtime */ = {
			isa = XCSwiftPackageProductDependency;
			package = 11B6CD512CEF9C9800B6FFFF /* XCRemoteSwiftPackageReference "supabase-swift" */;
			productName = Realtime;
		};
		11B6CD5A2CEF9C9800B6FFFF /* Storage */ = {
			isa = XCSwiftPackageProductDependency;
			package = 11B6CD512CEF9C9800B6FFFF /* XCRemoteSwiftPackageReference "supabase-swift" */;
			productName = Storage;
		};
		11B6CD5D2CEF9CB200B6FFFF /* Supabase */ = {
			isa = XCSwiftPackageProductDependency;
			package = 11B6CD512CEF9C9800B6FFFF /* XCRemoteSwiftPackageReference "supabase-swift" */;
			productName = Supabase;
		};
/* End XCSwiftPackageProductDependency section */
	};
	rootObject = 11D52AE32CAEC39E002DF30E /* Project object */;
}
